{"Migration\\Step\\Customer\\Integrity":{"integrity check":{"result":true}},"Migration\\Step\\UrlRewrite\\Version191to2000":{"integrity check":{"result":true},"data migration":{"result":true},"volume check":{"result":true}},"Migration\\Step\\Log\\Integrity":{"integrity check":{"result":true}},"Migration\\Step\\Ratings\\Integrity":{"integrity check":{"result":true}},"Migration\\Step\\ConfigurablePrices\\Integrity":{"integrity check":{"result":true}},"Migration\\Step\\OrderGrids\\Integrity":{"integrity check":{"result":true}},"Migration\\Step\\TierPrice\\Integrity":{"integrity check":{"result":true}},"Migration\\Step\\SalesIncrement\\Integrity":{"integrity check":{"result":true}},"Migration\\Step\\Inventory\\Integrity":{"integrity check":{"result":true}},"Migration\\App\\SetupDeltaLog":{"setup triggers":{"result":true}},"Migration\\Step\\Eav\\Data":{"data migration":{"result":true}},"Migration\\Step\\Eav\\Volume":{"volume check":{"result":true}},"Migration\\Step\\Customer\\Data":{"run":{"process":["customer_entity","customer_address_entity","customer_entity_datetime","customer_entity_decimal","customer_entity_int","customer_entity_text","customer_entity_varchar","customer_address_entity_datetime","customer_address_entity_decimal","customer_address_entity_int","customer_address_entity_text","customer_address_entity_varchar"]},"data migration":{"result":true}},"Migration\\Step\\Customer\\Volume":{"volume check":{"result":true}},"Migration\\Step\\Map\\Data":{"run":{"process":["adminnotification_inbox","captcha_log","catalog_category_entity","catalog_category_entity_datetime","catalog_category_entity_decimal","catalog_category_entity_int","catalog_category_entity_text","catalog_category_entity_varchar","catalog_category_product","catalog_category_product_index","catalog_compare_item","catalog_product_bundle_option","catalog_product_bundle_option_value","catalog_product_bundle_selection","catalog_product_bundle_selection_price","catalog_product_entity","catalog_product_entity_datetime","catalog_product_entity_decimal","catalog_product_entity_gallery","catalog_product_entity_int","catalog_product_entity_media_gallery","catalog_product_entity_media_gallery_value","catalog_product_entity_text","catalog_product_entity_varchar","catalog_product_link","catalog_product_link_attribute","catalog_product_link_attribute_decimal","catalog_product_link_attribute_int","catalog_product_link_attribute_varchar","catalog_product_link_type","catalog_product_option","catalog_product_option_price","catalog_product_option_title","catalog_product_option_type_price","catalog_product_option_type_title","catalog_product_option_type_value","catalog_product_relation","catalog_product_super_attribute","catalog_product_super_attribute_label","catalog_product_super_link","catalog_product_website","cataloginventory_stock","cataloginventory_stock_item","catalogrule","catalogrule_customer_group","catalogrule_group_website","catalogrule_product","catalogrule_product_price","catalogrule_website","catalogsearch_query","checkout_agreement","checkout_agreement_store","cms_block","cms_block_store","cms_page","cms_page_store","core_email_template","core_session","core_translate","core_variable","core_variable_value","coupon_aggregated","coupon_aggregated_order","coupon_aggregated_updated","customer_eav_attribute_website","customer_form_attribute","customer_group","design_change","directory_country","directory_country_format","directory_country_region","directory_country_region_name","directory_currency_rate","downloadable_link","downloadable_link_price","downloadable_link_purchased","downloadable_link_purchased_item","downloadable_link_title","downloadable_sample","downloadable_sample_title","eav_attribute_label","eav_attribute_option","eav_attribute_option_value","eav_entity","eav_entity_datetime","eav_entity_decimal","eav_entity_int","eav_entity_store","eav_entity_text","eav_entity_varchar","eav_form_element","eav_form_fieldset","eav_form_fieldset_label","eav_form_type","eav_form_type_entity","gift_message","importexport_importdata","newsletter_problem","newsletter_queue","newsletter_queue_link","newsletter_queue_store_link","newsletter_subscriber","newsletter_template","oauth_consumer","oauth_nonce","oauth_token","paypal_cert","paypal_payment_transaction","paypal_settlement_report","paypal_settlement_report_row","persistent_session","product_alert_price","product_alert_stock","rating","rating_entity","rating_option","rating_option_vote","rating_option_vote_aggregated","rating_store","rating_title","report_compared_product_index","report_event","report_event_types","report_viewed_product_aggregated_daily","report_viewed_product_aggregated_monthly","report_viewed_product_aggregated_yearly","report_viewed_product_index","review","review_detail","review_entity","review_entity_summary","review_status","review_store","sales_bestsellers_aggregated_daily","sales_bestsellers_aggregated_monthly","sales_bestsellers_aggregated_yearly","sales_billing_agreement","sales_billing_agreement_order","sales_flat_creditmemo","sales_flat_creditmemo_comment","sales_flat_creditmemo_item","sales_flat_invoice","sales_flat_invoice_comment","sales_flat_invoice_item","sales_flat_order","sales_flat_order_address","sales_flat_order_item","sales_flat_order_payment","sales_flat_order_status_history","sales_flat_quote","sales_flat_quote_address","sales_flat_quote_address_item","sales_flat_quote_item","sales_flat_quote_item_option","sales_flat_quote_payment","sales_flat_quote_shipping_rate","sales_flat_shipment","sales_flat_shipment_comment","sales_flat_shipment_item","sales_flat_shipment_track","sales_invoiced_aggregated","sales_invoiced_aggregated_order","sales_order_aggregated_created","sales_order_aggregated_updated","sales_order_status","sales_order_status_label","sales_order_status_state","sales_order_tax","sales_order_tax_item","sales_payment_transaction","sales_refunded_aggregated","sales_refunded_aggregated_order","sales_shipping_aggregated","sales_shipping_aggregated_order","salesrule","salesrule_coupon","salesrule_coupon_usage","salesrule_customer","salesrule_customer_group","salesrule_label","salesrule_product_attribute","salesrule_website","sendfriend_log","shipping_tablerate","sitemap","tax_calculation","tax_calculation_rate","tax_calculation_rate_title","tax_calculation_rule","tax_class","tax_order_aggregated_created","tax_order_aggregated_updated","weee_tax","widget","widget_instance","widget_instance_page","wishlist","wishlist_item","wishlist_item_option"]},"data migration":{"result":true}},"Migration\\Step\\Map\\Volume":{"volume check":{"result":true}},"Migration\\Step\\Log\\Data":{"data migration":{"result":true}},"Migration\\Step\\Log\\Volume":{"volume check":{"result":true}},"Migration\\Step\\Ratings\\Data":{"data migration":{"result":true}},"Migration\\Step\\Ratings\\Volume":{"volume check":{"result":true}},"Migration\\Step\\ConfigurablePrices\\Data":{"data migration":{"result":true}},"Migration\\Step\\ConfigurablePrices\\Volume":{"volume check":{"result":true}},"Migration\\Step\\OrderGrids\\Data":{"data migration":{"result":true}},"Migration\\Step\\TierPrice\\Data":{"data migration":{"result":true}},"Migration\\Step\\TierPrice\\Volume":{"volume check":{"result":true}},"Migration\\Step\\SalesIncrement\\Data":{"data migration":{"result":true}},"Migration\\Step\\SalesIncrement\\Volume":{"volume check":{"result":true}},"Migration\\Step\\Inventory\\Data":{"data migration":{"result":true}},"Migration\\Step\\Inventory\\Volume":{"volume check":{"result":true}},"PostProcessing":{"deletedDocumentRowsCount":{"process":{"catalog_eav_attribute":3,"catalog_product_entity_int":321,"catalog_product_entity_varchar":7891,"eav_entity_attribute":35}}},"Migration\\Step\\PostProcessing\\Data":{"data migration":{"result":true}}}